
Microsoft Visual Studio Solution File, Format Version 12.00
# Visual Studio 14
VisualStudioVersion = 14.0.23107.0
MinimumVisualStudioVersion = 10.0.40219.1
Project("{CC5FD16D-436D-48AD-A40C-5A424C6E3E79}") = "AzureCloudService3", "AzureCloudService3\AzureCloudService3.ccproj", "{D8196E19-D036-4C01-9CDE-9F02506B0327}"
EndProject
Project("{FAE04EC0-301F-11D3-BF4B-00C04F79EFBC}") = "imageHubSample", "imageHubSample\imageHubSample.csproj", "{50E223DE-C76E-44E8-BB82-0280C7AB24D0}"
EndProject
Global
	GlobalSection(SolutionConfigurationPlatforms) = preSolution
		Debug|Any CPU = Debug|Any CPU
		Release|Any CPU = Release|Any CPU
	EndGlobalSection
	GlobalSection(ProjectConfigurationPlatforms) = postSolution
		{D8196E19-D036-4C01-9CDE-9F02506B0327}.Debug|Any CPU.ActiveCfg = Debug|Any CPU
		{D8196E19-D036-4C01-9CDE-9F02506B0327}.Debug|Any CPU.Build.0 = Debug|Any CPU
		{D8196E19-D036-4C01-9CDE-9F02506B0327}.Release|Any CPU.ActiveCfg = Release|Any CPU
		{D8196E19-D036-4C01-9CDE-9F02506B0327}.Release|Any CPU.Build.0 = Release|Any CPU
		{50E223DE-C76E-44E8-BB82-0280C7AB24D0}.Debug|Any CPU.ActiveCfg = Debug|Any CPU
		{50E223DE-C76E-44E8-BB82-0280C7AB24D0}.Debug|Any CPU.Build.0 = Debug|Any CPU
		{50E223DE-C76E-44E8-BB82-0280C7AB24D0}.Release|Any CPU.ActiveCfg = Release|Any CPU
		{50E223DE-C76E-44E8-BB82-0280C7AB24D0}.Release|Any CPU.Build.0 = Release|Any CPU
	EndGlobalSection
	GlobalSection(SolutionProperties) = preSolution
		HideSolutionNode = FALSE
	EndGlobalSection
EndGlobal
